<?xml version="1.0" encoding="utf-8"?>
<Project ToolsVersion="17.0" xmlns="http://schemas.microsoft.com/developer/msbuild/2003">
  <ItemGroup>
    <ClCompile Include="C:\ProjectSaintEngine\external\imgui\imgui.cpp">
      <Filter>Source Files</Filter>
    </ClCompile>
    <ClCompile Include="C:\ProjectSaintEngine\external\imgui\imgui_demo.cpp">
      <Filter>Source Files</Filter>
    </ClCompile>
    <ClCompile Include="C:\ProjectSaintEngine\external\imgui\imgui_draw.cpp">
      <Filter>Source Files</Filter>
    </ClCompile>
    <ClCompile Include="C:\ProjectSaintEngine\external\imgui\imgui_widgets.cpp">
      <Filter>Source Files</Filter>
    </ClCompile>
    <ClCompile Include="C:\ProjectSaintEngine\base\VulkanAndroid.cpp">
      <Filter>Source Files</Filter>
    </ClCompile>
    <ClCompile Include="C:\ProjectSaintEngine\base\VulkanBuffer.cpp">
      <Filter>Source Files</Filter>
    </ClCompile>
    <ClCompile Include="C:\ProjectSaintEngine\base\VulkanDebug.cpp">
      <Filter>Source Files</Filter>
    </ClCompile>
    <ClCompile Include="C:\ProjectSaintEngine\base\VulkanDevice.cpp">
      <Filter>Source Files</Filter>
    </ClCompile>
    <ClCompile Include="C:\ProjectSaintEngine\base\VulkanRaytracingSample.cpp">
      <Filter>Source Files</Filter>
    </ClCompile>
    <ClCompile Include="C:\ProjectSaintEngine\base\VulkanSwapChain.cpp">
      <Filter>Source Files</Filter>
    </ClCompile>
    <ClCompile Include="C:\ProjectSaintEngine\base\VulkanTexture.cpp">
      <Filter>Source Files</Filter>
    </ClCompile>
    <ClCompile Include="C:\ProjectSaintEngine\base\VulkanTools.cpp">
      <Filter>Source Files</Filter>
    </ClCompile>
    <ClCompile Include="C:\ProjectSaintEngine\base\VulkanUIOverlay.cpp">
      <Filter>Source Files</Filter>
    </ClCompile>
    <ClCompile Include="C:\ProjectSaintEngine\base\VulkanglTFModel.cpp">
      <Filter>Source Files</Filter>
    </ClCompile>
    <ClCompile Include="C:\ProjectSaintEngine\base\vulkanbase.cpp">
      <Filter>Source Files</Filter>
    </ClCompile>
    <ClCompile Include="C:\ProjectSaintEngine\external\ktx\lib\texture.c">
      <Filter>Source Files</Filter>
    </ClCompile>
    <ClCompile Include="C:\ProjectSaintEngine\external\ktx\lib\hashlist.c">
      <Filter>Source Files</Filter>
    </ClCompile>
    <ClCompile Include="C:\ProjectSaintEngine\external\ktx\lib\checkheader.c">
      <Filter>Source Files</Filter>
    </ClCompile>
    <ClCompile Include="C:\ProjectSaintEngine\external\ktx\lib\swap.c">
      <Filter>Source Files</Filter>
    </ClCompile>
    <ClCompile Include="C:\ProjectSaintEngine\external\ktx\lib\memstream.c">
      <Filter>Source Files</Filter>
    </ClCompile>
    <ClCompile Include="C:\ProjectSaintEngine\external\ktx\lib\filestream.c">
      <Filter>Source Files</Filter>
    </ClCompile>
  </ItemGroup>
  <ItemGroup>
    <ClInclude Include="C:\ProjectSaintEngine\base\CommandLineParser.hpp">
      <Filter>Header Files</Filter>
    </ClInclude>
    <ClInclude Include="C:\ProjectSaintEngine\base\Entrypoints.h">
      <Filter>Header Files</Filter>
    </ClInclude>
    <ClInclude Include="C:\ProjectSaintEngine\base\VulkanAndroid.h">
      <Filter>Header Files</Filter>
    </ClInclude>
    <ClInclude Include="C:\ProjectSaintEngine\base\VulkanBuffer.h">
      <Filter>Header Files</Filter>
    </ClInclude>
    <ClInclude Include="C:\ProjectSaintEngine\base\VulkanDebug.h">
      <Filter>Header Files</Filter>
    </ClInclude>
    <ClInclude Include="C:\ProjectSaintEngine\base\VulkanDevice.h">
      <Filter>Header Files</Filter>
    </ClInclude>
    <ClInclude Include="C:\ProjectSaintEngine\base\VulkanFrameBuffer.hpp">
      <Filter>Header Files</Filter>
    </ClInclude>
    <ClInclude Include="C:\ProjectSaintEngine\base\VulkanInitializers.hpp">
      <Filter>Header Files</Filter>
    </ClInclude>
    <ClInclude Include="C:\ProjectSaintEngine\base\VulkanRaytracingSample.h">
      <Filter>Header Files</Filter>
    </ClInclude>
    <ClInclude Include="C:\ProjectSaintEngine\base\VulkanSwapChain.h">
      <Filter>Header Files</Filter>
    </ClInclude>
    <ClInclude Include="C:\ProjectSaintEngine\base\VulkanTexture.h">
      <Filter>Header Files</Filter>
    </ClInclude>
    <ClInclude Include="C:\ProjectSaintEngine\base\VulkanTools.h">
      <Filter>Header Files</Filter>
    </ClInclude>
    <ClInclude Include="C:\ProjectSaintEngine\base\VulkanUIOverlay.h">
      <Filter>Header Files</Filter>
    </ClInclude>
    <ClInclude Include="C:\ProjectSaintEngine\base\VulkanglTFModel.h">
      <Filter>Header Files</Filter>
    </ClInclude>
    <ClInclude Include="C:\ProjectSaintEngine\base\benchmark.hpp">
      <Filter>Header Files</Filter>
    </ClInclude>
    <ClInclude Include="C:\ProjectSaintEngine\base\camera.hpp">
      <Filter>Header Files</Filter>
    </ClInclude>
    <ClInclude Include="C:\ProjectSaintEngine\base\frustum.hpp">
      <Filter>Header Files</Filter>
    </ClInclude>
    <ClInclude Include="C:\ProjectSaintEngine\base\keycodes.hpp">
      <Filter>Header Files</Filter>
    </ClInclude>
    <ClInclude Include="C:\ProjectSaintEngine\base\threadpool.hpp">
      <Filter>Header Files</Filter>
    </ClInclude>
    <ClInclude Include="C:\ProjectSaintEngine\base\vulkanbase.h">
      <Filter>Header Files</Filter>
    </ClInclude>
  </ItemGroup>
  <ItemGroup>
    <CustomBuild Include="C:\ProjectSaintEngine\base\CMakeLists.txt" />
  </ItemGroup>
  <ItemGroup>
    <Filter Include="Header Files">
      <UniqueIdentifier>{EF7E1574-ED1E-3CDC-94CE-1513D752F7AF}</UniqueIdentifier>
    </Filter>
    <Filter Include="Source Files">
      <UniqueIdentifier>{9376A0CA-E369-39D0-867C-F6EAA589C6D1}</UniqueIdentifier>
    </Filter>
  </ItemGroup>
</Project>
